<?xml version="1.0" encoding="UTF-8"?>
<Project ToolsVersion="15.0" xmlns="http://schemas.microsoft.com/developer/msbuild/2003">
  <ItemGroup>
    <ClCompile Include="$(ProjectDir)..\..\modules\world\mathfuncs_core.avx.cpp">
      <Filter>Source Files</Filter>
    </ClCompile>
    <ClCompile Include="$(ProjectDir)..\..\..\opencv\modules\imgproc\src\corner.avx.cpp">
      <Filter>opencv_imgproc\Src</Filter>
    </ClCompile>
    <ClCompile Include="$(ProjectDir)..\..\modules\world\accum.avx.cpp">
      <Filter>Source Files</Filter>
    </ClCompile>
  </ItemGroup>
  <ItemGroup>
    <Filter Include="Source Files">
      <UniqueIdentifier>{9F217451-7268-3A66-AB58-B2065D3BF1FF}</UniqueIdentifier>
    </Filter>
    <Filter Include="opencv_imgproc">
      <UniqueIdentifier>{F5FC1279-C5D5-3446-90FA-D6AD8EE0AD7C}</UniqueIdentifier>
    </Filter>
    <Filter Include="opencv_imgproc\Src">
      <UniqueIdentifier>{11EF7C0C-7031-3B6B-B927-25A5B1564D59}</UniqueIdentifier>
    </Filter>
  </ItemGroup>
</Project>
